
Microsoft Visual Studio Solution File, Format Version 12.00
# Visual Studio 15
VisualStudioVersion = 15.0.26430.16
MinimumVisualStudioVersion = 10.0.40219.1
Project("{8BC9CEB8-8B4A-11D0-8D11-00A0C91BC942}") = "Renderer", "targets\vs2017\renderer.vcxproj", "{C93556FB-FD42-4F1D-BA6E-338E4FACEA2A}"
EndProject
Project("{8BC9CEB8-8B4A-11D0-8D11-00A0C91BC942}") = "RendererGL", "targets\vs2017\rendererGL.vcxproj", "{C953E84D-830A-4A05-8A28-D87B730CB6DC}"
	ProjectSection(ProjectDependencies) = postProject
		{C93556FB-FD42-4F1D-BA6E-338E4FACEA2A} = {C93556FB-FD42-4F1D-BA6E-338E4FACEA2A}
	EndProjectSection
EndProject
Project("{8BC9CEB8-8B4A-11D0-8D11-00A0C91BC942}") = "RendererVK", "targets\vs2017\rendererVK.vcxproj", "{9A1FC246-35E4-4435-8299-ABAD3B34C94A}"
	ProjectSection(ProjectDependencies) = postProject
		{C93556FB-FD42-4F1D-BA6E-338E4FACEA2A} = {C93556FB-FD42-4F1D-BA6E-338E4FACEA2A}
	EndProjectSection
EndProject
Project("{8BC9CEB8-8B4A-11D0-8D11-00A0C91BC942}") = "Plasma", "targets\vs2017\plasma.vcxproj", "{B242B230-F4AF-41EA-A618-8E1ED84D07E1}"
EndProject
Global
	GlobalSection(SolutionConfigurationPlatforms) = preSolution
		Debug|x64 = Debug|x64
		Debug|x86 = Debug|x86
		Release|x64 = Release|x64
		Release|x86 = Release|x86
	EndGlobalSection
	GlobalSection(ProjectConfigurationPlatforms) = postSolution
		{C93556FB-FD42-4F1D-BA6E-338E4FACEA2A}.Debug|x64.ActiveCfg = Debug|x64
		{C93556FB-FD42-4F1D-BA6E-338E4FACEA2A}.Debug|x64.Build.0 = Debug|x64
		{C93556FB-FD42-4F1D-BA6E-338E4FACEA2A}.Debug|x86.ActiveCfg = Debug|x64
		{C93556FB-FD42-4F1D-BA6E-338E4FACEA2A}.Release|x64.ActiveCfg = Release|x64
		{C93556FB-FD42-4F1D-BA6E-338E4FACEA2A}.Release|x64.Build.0 = Release|x64
		{C93556FB-FD42-4F1D-BA6E-338E4FACEA2A}.Release|x86.ActiveCfg = Release|x64
		{C953E84D-830A-4A05-8A28-D87B730CB6DC}.Debug|x64.ActiveCfg = Debug|x64
		{C953E84D-830A-4A05-8A28-D87B730CB6DC}.Debug|x64.Build.0 = Debug|x64
		{C953E84D-830A-4A05-8A28-D87B730CB6DC}.Debug|x86.ActiveCfg = Debug|x64
		{C953E84D-830A-4A05-8A28-D87B730CB6DC}.Release|x64.ActiveCfg = Release|x64
		{C953E84D-830A-4A05-8A28-D87B730CB6DC}.Release|x64.Build.0 = Release|x64
		{C953E84D-830A-4A05-8A28-D87B730CB6DC}.Release|x86.ActiveCfg = Release|x64
		{9A1FC246-35E4-4435-8299-ABAD3B34C94A}.Debug|x64.ActiveCfg = Debug|x64
		{9A1FC246-35E4-4435-8299-ABAD3B34C94A}.Debug|x64.Build.0 = Debug|x64
		{9A1FC246-35E4-4435-8299-ABAD3B34C94A}.Debug|x86.ActiveCfg = Debug|x64
		{9A1FC246-35E4-4435-8299-ABAD3B34C94A}.Release|x64.ActiveCfg = Release|x64
		{9A1FC246-35E4-4435-8299-ABAD3B34C94A}.Release|x64.Build.0 = Release|x64
		{9A1FC246-35E4-4435-8299-ABAD3B34C94A}.Release|x86.ActiveCfg = Release|x64
		{B242B230-F4AF-41EA-A618-8E1ED84D07E1}.Debug|x64.ActiveCfg = Debug|x64
		{B242B230-F4AF-41EA-A618-8E1ED84D07E1}.Debug|x64.Build.0 = Debug|x64
		{B242B230-F4AF-41EA-A618-8E1ED84D07E1}.Debug|x86.ActiveCfg = Debug|x64
		{B242B230-F4AF-41EA-A618-8E1ED84D07E1}.Release|x64.ActiveCfg = Release|x64
		{B242B230-F4AF-41EA-A618-8E1ED84D07E1}.Release|x64.Build.0 = Release|x64
		{B242B230-F4AF-41EA-A618-8E1ED84D07E1}.Release|x86.ActiveCfg = Release|x64
	EndGlobalSection
	GlobalSection(SolutionProperties) = preSolution
		HideSolutionNode = FALSE
	EndGlobalSection
EndGlobal
